// !$*UTF8*$!
{
	archiveVersion = 1;
	classes = {
	};
	objectVersion = 55;
	objects = {

/* Begin PBXBuildFile section */
		0D1F861E276CE22400D39CAF /* AppDelegate.swift in Sources */ = {isa = PBXBuildFile; fileRef = 0D1F861D276CE22400D39CAF /* AppDelegate.swift */; };
		0D1F8620276DC73600D39CAF /* GCDemoHomeController.swift in Sources */ = {isa = PBXBuildFile; fileRef = 0D1F861F276DC73600D39CAF /* GCDemoHomeController.swift */; };
		0D1F8622276DC83300D39CAF /* SceneDelegate.swift in Sources */ = {isa = PBXBuildFile; fileRef = 0D1F8621276DC83300D39CAF /* SceneDelegate.swift */; };
		0D1F8625276DD3BB00D39CAF /* GCMultiTabController.swift in Sources */ = {isa = PBXBuildFile; fileRef = 0D1F8624276DD3BB00D39CAF /* GCMultiTabController.swift */; };
		0D1F8627276DD51A00D39CAF /* GCBrowserViewController.swift in Sources */ = {isa = PBXBuildFile; fileRef = 0D1F8626276DD51A00D39CAF /* GCBrowserViewController.swift */; };
		0D1F862A276DD75600D39CAF /* BrowserManager.swift in Sources */ = {isa = PBXBuildFile; fileRef = 0D1F8629276DD75600D39CAF /* BrowserManager.swift */; };
		0D1F862C276DE0EE00D39CAF /* BrowserMenuController.swift in Sources */ = {isa = PBXBuildFile; fileRef = 0D1F862B276DE0EE00D39CAF /* BrowserMenuController.swift */; };
		0D1F862E276E39C000D39CAF /* BookmarksManager.swift in Sources */ = {isa = PBXBuildFile; fileRef = 0D1F862D276E39C000D39CAF /* BookmarksManager.swift */; };
		0D1F8640276F2BFD00D39CAF /* PDLoader.swift in Sources */ = {isa = PBXBuildFile; fileRef = 0D1F863F276F2BFD00D39CAF /* PDLoader.swift */; };
		0D1F8644276F2C5100D39CAF /* PDManager.swift in Sources */ = {isa = PBXBuildFile; fileRef = 0D1F8643276F2C5100D39CAF /* PDManager.swift */; };
		0D1F8646276F2CFE00D39CAF /* Pandora.swift in Sources */ = {isa = PBXBuildFile; fileRef = 0D1F8645276F2CFE00D39CAF /* Pandora.swift */; };
		0D1F8648276F2FF600D39CAF /* PDManifest.swift in Sources */ = {isa = PBXBuildFile; fileRef = 0D1F8647276F2FF600D39CAF /* PDManifest.swift */; };
		0D1F864A276F346B00D39CAF /* Extensions.bundle in Resources */ = {isa = PBXBuildFile; fileRef = 0D1F8649276F346B00D39CAF /* Extensions.bundle */; };
		0D2D31EE2793C83500B84D80 /* chrome.js in Resources */ = {isa = PBXBuildFile; fileRef = 0D2D31ED2793C83500B84D80 /* chrome.js */; };
		0D2D31F127945C6200B84D80 /* BrowserView.swift in Sources */ = {isa = PBXBuildFile; fileRef = 0D2D31F027945C6200B84D80 /* BrowserView.swift */; };
		0D2D31F327945C7F00B84D80 /* BrowserViewController.swift in Sources */ = {isa = PBXBuildFile; fileRef = 0D2D31F227945C7F00B84D80 /* BrowserViewController.swift */; };
		0D2D31F6279463C300B84D80 /* UIViewController+TopMost.swift in Sources */ = {isa = PBXBuildFile; fileRef = 0D2D31F5279463C300B84D80 /* UIViewController+TopMost.swift */; };
		0D2D31F82794F92D00B84D80 /* TabsManagerViewController.swift in Sources */ = {isa = PBXBuildFile; fileRef = 0D2D31F72794F92D00B84D80 /* TabsManagerViewController.swift */; };
		0D2D31FA2796488000B84D80 /* GCWebView+Browser.swift in Sources */ = {isa = PBXBuildFile; fileRef = 0D2D31F92796488000B84D80 /* GCWebView+Browser.swift */; };
		0D2D31FC27964E9700B84D80 /* BrowserBaseJSService.swift in Sources */ = {isa = PBXBuildFile; fileRef = 0D2D31FB27964E9700B84D80 /* BrowserBaseJSService.swift */; };
		0D2D31FF2798E88700B84D80 /* PDServiceConfigImpl.swift in Sources */ = {isa = PBXBuildFile; fileRef = 0D2D31FE2798E88700B84D80 /* PDServiceConfigImpl.swift */; };
		0D830A2A27AD287E0017EFF0 /* LocalStorageService.swift in Sources */ = {isa = PBXBuildFile; fileRef = 0D830A2927AD287E0017EFF0 /* LocalStorageService.swift */; };
		0D830A2C27AD2C600017EFF0 /* LocalStorage.swift in Sources */ = {isa = PBXBuildFile; fileRef = 0D830A2B27AD2C600017EFF0 /* LocalStorage.swift */; };
		0D830A2E27AD782A0017EFF0 /* BookmarkService.swift in Sources */ = {isa = PBXBuildFile; fileRef = 0D830A2D27AD782A0017EFF0 /* BookmarkService.swift */; };
		0D84542E2781974900E18BDE /* TabsService.swift in Sources */ = {isa = PBXBuildFile; fileRef = 0D84542D2781974900E18BDE /* TabsService.swift */; };
		0D8454302781982100E18BDE /* RuntimeService.swift in Sources */ = {isa = PBXBuildFile; fileRef = 0D84542F2781982100E18BDE /* RuntimeService.swift */; };
		0DACA72D27B3403300C628FE /* PDPopUpViewController.swift in Sources */ = {isa = PBXBuildFile; fileRef = 0DACA72C27B3403300C628FE /* PDPopUpViewController.swift */; };
		0DACA72F27B4971200C628FE /* PDContentRunner.swift in Sources */ = {isa = PBXBuildFile; fileRef = 0DACA72E27B4971200C628FE /* PDContentRunner.swift */; };
		0DACA73227B5487B00C628FE /* PDBackgroundRunner.swift in Sources */ = {isa = PBXBuildFile; fileRef = 0DACA73127B5487B00C628FE /* PDBackgroundRunner.swift */; };
		0DACA73427B5488F00C628FE /* PDPopUpRunner.swift in Sources */ = {isa = PBXBuildFile; fileRef = 0DACA73327B5488F00C628FE /* PDPopUpRunner.swift */; };
		0DBE24F32786703E00D9FC6F /* PDWebView.swift in Sources */ = {isa = PBXBuildFile; fileRef = 0DBE24F22786703E00D9FC6F /* PDWebView.swift */; };
		0DBE24F52786782900D9FC6F /* GCWebViewActionHandler.swift in Sources */ = {isa = PBXBuildFile; fileRef = 0DBE24F42786782900D9FC6F /* GCWebViewActionHandler.swift */; };
		0DC52B4627A21FCF00EC35AB /* WeakObject.swift in Sources */ = {isa = PBXBuildFile; fileRef = 0DC52B4527A21FCF00EC35AB /* WeakObject.swift */; };
		0DC52B4827A2247B00EC35AB /* TabsManager.swift in Sources */ = {isa = PBXBuildFile; fileRef = 0DC52B4727A2247B00EC35AB /* TabsManager.swift */; };
		0DCBC52E27832B5D00DF5A0E /* PDFileManager.swift in Sources */ = {isa = PBXBuildFile; fileRef = 0DCBC52D27832B5D00DF5A0E /* PDFileManager.swift */; };
		0DCBC5312783CB6B00DF5A0E /* GCExtensionController.swift in Sources */ = {isa = PBXBuildFile; fileRef = 0DCBC5302783CB6B00DF5A0E /* GCExtensionController.swift */; };
		0DD940B4275EDEBE006865B6 /* GCWebContainerDemoApp.swift in Sources */ = {isa = PBXBuildFile; fileRef = 0DD940B3275EDEBE006865B6 /* GCWebContainerDemoApp.swift */; };
		0DD940B6275EDEBE006865B6 /* ContentView.swift in Sources */ = {isa = PBXBuildFile; fileRef = 0DD940B5275EDEBE006865B6 /* ContentView.swift */; };
		0DD940B8275EDEC0006865B6 /* Assets.xcassets in Resources */ = {isa = PBXBuildFile; fileRef = 0DD940B7275EDEC0006865B6 /* Assets.xcassets */; };
		0DD940BB275EDEC0006865B6 /* Preview Assets.xcassets in Resources */ = {isa = PBXBuildFile; fileRef = 0DD940BA275EDEC0006865B6 /* Preview Assets.xcassets */; };
		0DD940CA275EDED5006865B6 /* JSServiceManager.swift in Sources */ = {isa = PBXBuildFile; fileRef = 0DD940C2275EDED5006865B6 /* JSServiceManager.swift */; };
		0DD940CB275EDED5006865B6 /* JSEngine.swift in Sources */ = {isa = PBXBuildFile; fileRef = 0DD940C3275EDED5006865B6 /* JSEngine.swift */; };
		0DD940CD275EDED5006865B6 /* JSServiceHandler.swift in Sources */ = {isa = PBXBuildFile; fileRef = 0DD940C5275EDED5006865B6 /* JSServiceHandler.swift */; };
		0DD940CF275EDED5006865B6 /* GCWebView.swift in Sources */ = {isa = PBXBuildFile; fileRef = 0DD940C8275EDED5006865B6 /* GCWebView.swift */; };
		0DD940D0275EDED5006865B6 /* WebView.swift in Sources */ = {isa = PBXBuildFile; fileRef = 0DD940C9275EDED5006865B6 /* WebView.swift */; };
		0DD940D9275EDF88006865B6 /* Dictionary+String.swift in Sources */ = {isa = PBXBuildFile; fileRef = 0DD940D5275EDF88006865B6 /* Dictionary+String.swift */; };
		0DD940DA275EDF88006865B6 /* String+base64.swift in Sources */ = {isa = PBXBuildFile; fileRef = 0DD940D6275EDF88006865B6 /* String+base64.swift */; };
		0DD940DB275EDF88006865B6 /* URL+scheme.swift in Sources */ = {isa = PBXBuildFile; fileRef = 0DD940D7275EDF88006865B6 /* URL+scheme.swift */; };
		0DD940DC275EDF88006865B6 /* PrivateFoundationExtension.swift in Sources */ = {isa = PBXBuildFile; fileRef = 0DD940D8275EDF88006865B6 /* PrivateFoundationExtension.swift */; };
		0DD940E0275EDF9F006865B6 /* ThreadSafe.swift in Sources */ = {isa = PBXBuildFile; fileRef = 0DD940DE275EDF9F006865B6 /* ThreadSafe.swift */; };
		0DD940E1275EDF9F006865B6 /* JSServiceUtil.swift in Sources */ = {isa = PBXBuildFile; fileRef = 0DD940DF275EDF9F006865B6 /* JSServiceUtil.swift */; };
		0DD940E5275EE12D006865B6 /* JSServiceType.swift in Sources */ = {isa = PBXBuildFile; fileRef = 0DD940E4275EE12D006865B6 /* JSServiceType.swift */; };
		0DD940E8275EE17D006865B6 /* ContextMenuService.swift in Sources */ = {isa = PBXBuildFile; fileRef = 0DD940E7275EE17D006865B6 /* ContextMenuService.swift */; };
		0DD940EA27618691006865B6 /* WebViewController.swift in Sources */ = {isa = PBXBuildFile; fileRef = 0DD940E927618691006865B6 /* WebViewController.swift */; };
		0DD940EE2762401F006865B6 /* jsbridge.js in Resources */ = {isa = PBXBuildFile; fileRef = 0DD940ED2762401F006865B6 /* jsbridge.js */; };
		5AC30482C2310221284B84BB /* Pods_GCWebContainerDemo.framework in Frameworks */ = {isa = PBXBuildFile; fileRef = B4A451F770A9FC2F4D81C871 /* Pods_GCWebContainerDemo.framework */; };
/* End PBXBuildFile section */

/* Begin PBXFileReference section */
		0D1F861D276CE22400D39CAF /* AppDelegate.swift */ = {isa = PBXFileReference; lastKnownFileType = sourcecode.swift; path = AppDelegate.swift; sourceTree = "<group>"; };
		0D1F861F276DC73600D39CAF /* GCDemoHomeController.swift */ = {isa = PBXFileReference; lastKnownFileType = sourcecode.swift; path = GCDemoHomeController.swift; sourceTree = "<group>"; };
		0D1F8621276DC83300D39CAF /* SceneDelegate.swift */ = {isa = PBXFileReference; lastKnownFileType = sourcecode.swift; path = SceneDelegate.swift; sourceTree = "<group>"; };
		0D1F8623276DC88200D39CAF /* Info.plist */ = {isa = PBXFileReference; lastKnownFileType = text.plist; path = Info.plist; sourceTree = "<group>"; };
		0D1F8624276DD3BB00D39CAF /* GCMultiTabController.swift */ = {isa = PBXFileReference; lastKnownFileType = sourcecode.swift; path = GCMultiTabController.swift; sourceTree = "<group>"; };
		0D1F8626276DD51A00D39CAF /* GCBrowserViewController.swift */ = {isa = PBXFileReference; lastKnownFileType = sourcecode.swift; path = GCBrowserViewController.swift; sourceTree = "<group>"; };
		0D1F8629276DD75600D39CAF /* BrowserManager.swift */ = {isa = PBXFileReference; lastKnownFileType = sourcecode.swift; path = BrowserManager.swift; sourceTree = "<group>"; };
		0D1F862B276DE0EE00D39CAF /* BrowserMenuController.swift */ = {isa = PBXFileReference; lastKnownFileType = sourcecode.swift; path = BrowserMenuController.swift; sourceTree = "<group>"; };
		0D1F862D276E39C000D39CAF /* BookmarksManager.swift */ = {isa = PBXFileReference; lastKnownFileType = sourcecode.swift; path = BookmarksManager.swift; sourceTree = "<group>"; };
		0D1F863F276F2BFD00D39CAF /* PDLoader.swift */ = {isa = PBXFileReference; lastKnownFileType = sourcecode.swift; path = PDLoader.swift; sourceTree = "<group>"; };
		0D1F8643276F2C5100D39CAF /* PDManager.swift */ = {isa = PBXFileReference; lastKnownFileType = sourcecode.swift; path = PDManager.swift; sourceTree = "<group>"; };
		0D1F8645276F2CFE00D39CAF /* Pandora.swift */ = {isa = PBXFileReference; lastKnownFileType = sourcecode.swift; path = Pandora.swift; sourceTree = "<group>"; };
		0D1F8647276F2FF600D39CAF /* PDManifest.swift */ = {isa = PBXFileReference; lastKnownFileType = sourcecode.swift; path = PDManifest.swift; sourceTree = "<group>"; };
		0D1F8649276F346B00D39CAF /* Extensions.bundle */ = {isa = PBXFileReference; lastKnownFileType = "wrapper.plug-in"; path = Extensions.bundle; sourceTree = "<group>"; };
		0D2D31ED2793C83500B84D80 /* chrome.js */ = {isa = PBXFileReference; fileEncoding = 4; lastKnownFileType = sourcecode.javascript; name = chrome.js; path = ../../../../../../Pandora/web/build/chrome.js; sourceTree = "<group>"; };
		0D2D31F027945C6200B84D80 /* BrowserView.swift */ = {isa = PBXFileReference; lastKnownFileType = sourcecode.swift; path = BrowserView.swift; sourceTree = "<group>"; };
		0D2D31F227945C7F00B84D80 /* BrowserViewController.swift */ = {isa = PBXFileReference; lastKnownFileType = sourcecode.swift; path = BrowserViewController.swift; sourceTree = "<group>"; };
		0D2D31F5279463C300B84D80 /* UIViewController+TopMost.swift */ = {isa = PBXFileReference; lastKnownFileType = sourcecode.swift; path = "UIViewController+TopMost.swift"; sourceTree = "<group>"; };
		0D2D31F72794F92D00B84D80 /* TabsManagerViewController.swift */ = {isa = PBXFileReference; lastKnownFileType = sourcecode.swift; path = TabsManagerViewController.swift; sourceTree = "<group>"; };
		0D2D31F92796488000B84D80 /* GCWebView+Browser.swift */ = {isa = PBXFileReference; lastKnownFileType = sourcecode.swift; path = "GCWebView+Browser.swift"; sourceTree = "<group>"; };
		0D2D31FB27964E9700B84D80 /* BrowserBaseJSService.swift */ = {isa = PBXFileReference; lastKnownFileType = sourcecode.swift; path = BrowserBaseJSService.swift; sourceTree = "<group>"; };
		0D2D31FE2798E88700B84D80 /* PDServiceConfigImpl.swift */ = {isa = PBXFileReference; lastKnownFileType = sourcecode.swift; path = PDServiceConfigImpl.swift; sourceTree = "<group>"; };
		0D830A2927AD287E0017EFF0 /* LocalStorageService.swift */ = {isa = PBXFileReference; fileEncoding = 4; lastKnownFileType = sourcecode.swift; path = LocalStorageService.swift; sourceTree = "<group>"; };
		0D830A2B27AD2C600017EFF0 /* LocalStorage.swift */ = {isa = PBXFileReference; lastKnownFileType = sourcecode.swift; path = LocalStorage.swift; sourceTree = "<group>"; };
		0D830A2D27AD782A0017EFF0 /* BookmarkService.swift */ = {isa = PBXFileReference; lastKnownFileType = sourcecode.swift; path = BookmarkService.swift; sourceTree = "<group>"; };
		0D84542D2781974900E18BDE /* TabsService.swift */ = {isa = PBXFileReference; lastKnownFileType = sourcecode.swift; path = TabsService.swift; sourceTree = "<group>"; };
		0D84542F2781982100E18BDE /* RuntimeService.swift */ = {isa = PBXFileReference; lastKnownFileType = sourcecode.swift; path = RuntimeService.swift; sourceTree = "<group>"; };
		0DACA72C27B3403300C628FE /* PDPopUpViewController.swift */ = {isa = PBXFileReference; lastKnownFileType = sourcecode.swift; path = PDPopUpViewController.swift; sourceTree = "<group>"; };
		0DACA72E27B4971200C628FE /* PDContentRunner.swift */ = {isa = PBXFileReference; lastKnownFileType = sourcecode.swift; path = PDContentRunner.swift; sourceTree = "<group>"; };
		0DACA73127B5487B00C628FE /* PDBackgroundRunner.swift */ = {isa = PBXFileReference; lastKnownFileType = sourcecode.swift; path = PDBackgroundRunner.swift; sourceTree = "<group>"; };
		0DACA73327B5488F00C628FE /* PDPopUpRunner.swift */ = {isa = PBXFileReference; lastKnownFileType = sourcecode.swift; path = PDPopUpRunner.swift; sourceTree = "<group>"; };
		0DBE24F22786703E00D9FC6F /* PDWebView.swift */ = {isa = PBXFileReference; lastKnownFileType = sourcecode.swift; path = PDWebView.swift; sourceTree = "<group>"; };
		0DBE24F42786782900D9FC6F /* GCWebViewActionHandler.swift */ = {isa = PBXFileReference; lastKnownFileType = sourcecode.swift; path = GCWebViewActionHandler.swift; sourceTree = "<group>"; };
		0DC52B4527A21FCF00EC35AB /* WeakObject.swift */ = {isa = PBXFileReference; lastKnownFileType = sourcecode.swift; path = WeakObject.swift; sourceTree = "<group>"; };
		0DC52B4727A2247B00EC35AB /* TabsManager.swift */ = {isa = PBXFileReference; lastKnownFileType = sourcecode.swift; path = TabsManager.swift; sourceTree = "<group>"; };
		0DCBC52D27832B5D00DF5A0E /* PDFileManager.swift */ = {isa = PBXFileReference; lastKnownFileType = sourcecode.swift; path = PDFileManager.swift; sourceTree = "<group>"; };
		0DCBC5302783CB6B00DF5A0E /* GCExtensionController.swift */ = {isa = PBXFileReference; lastKnownFileType = sourcecode.swift; path = GCExtensionController.swift; sourceTree = "<group>"; };
		0DD940B0275EDEBE006865B6 /* GCWebContainerDemo.app */ = {isa = PBXFileReference; explicitFileType = wrapper.application; includeInIndex = 0; path = GCWebContainerDemo.app; sourceTree = BUILT_PRODUCTS_DIR; };
		0DD940B3275EDEBE006865B6 /* GCWebContainerDemoApp.swift */ = {isa = PBXFileReference; lastKnownFileType = sourcecode.swift; path = GCWebContainerDemoApp.swift; sourceTree = "<group>"; };
		0DD940B5275EDEBE006865B6 /* ContentView.swift */ = {isa = PBXFileReference; lastKnownFileType = sourcecode.swift; path = ContentView.swift; sourceTree = "<group>"; };
		0DD940B7275EDEC0006865B6 /* Assets.xcassets */ = {isa = PBXFileReference; lastKnownFileType = folder.assetcatalog; path = Assets.xcassets; sourceTree = "<group>"; };
		0DD940BA275EDEC0006865B6 /* Preview Assets.xcassets */ = {isa = PBXFileReference; lastKnownFileType = folder.assetcatalog; path = "Preview Assets.xcassets"; sourceTree = "<group>"; };
		0DD940C2275EDED5006865B6 /* JSServiceManager.swift */ = {isa = PBXFileReference; fileEncoding = 4; lastKnownFileType = sourcecode.swift; path = JSServiceManager.swift; sourceTree = "<group>"; };
		0DD940C3275EDED5006865B6 /* JSEngine.swift */ = {isa = PBXFileReference; fileEncoding = 4; lastKnownFileType = sourcecode.swift; path = JSEngine.swift; sourceTree = "<group>"; };
		0DD940C5275EDED5006865B6 /* JSServiceHandler.swift */ = {isa = PBXFileReference; fileEncoding = 4; lastKnownFileType = sourcecode.swift; path = JSServiceHandler.swift; sourceTree = "<group>"; };
		0DD940C8275EDED5006865B6 /* GCWebView.swift */ = {isa = PBXFileReference; fileEncoding = 4; lastKnownFileType = sourcecode.swift; path = GCWebView.swift; sourceTree = "<group>"; };
		0DD940C9275EDED5006865B6 /* WebView.swift */ = {isa = PBXFileReference; fileEncoding = 4; lastKnownFileType = sourcecode.swift; path = WebView.swift; sourceTree = "<group>"; };
		0DD940D5275EDF88006865B6 /* Dictionary+String.swift */ = {isa = PBXFileReference; fileEncoding = 4; lastKnownFileType = sourcecode.swift; path = "Dictionary+String.swift"; sourceTree = "<group>"; };
		0DD940D6275EDF88006865B6 /* String+base64.swift */ = {isa = PBXFileReference; fileEncoding = 4; lastKnownFileType = sourcecode.swift; path = "String+base64.swift"; sourceTree = "<group>"; };
		0DD940D7275EDF88006865B6 /* URL+scheme.swift */ = {isa = PBXFileReference; fileEncoding = 4; lastKnownFileType = sourcecode.swift; path = "URL+scheme.swift"; sourceTree = "<group>"; };
		0DD940D8275EDF88006865B6 /* PrivateFoundationExtension.swift */ = {isa = PBXFileReference; fileEncoding = 4; lastKnownFileType = sourcecode.swift; path = PrivateFoundationExtension.swift; sourceTree = "<group>"; };
		0DD940DE275EDF9F006865B6 /* ThreadSafe.swift */ = {isa = PBXFileReference; fileEncoding = 4; lastKnownFileType = sourcecode.swift; path = ThreadSafe.swift; sourceTree = "<group>"; };
		0DD940DF275EDF9F006865B6 /* JSServiceUtil.swift */ = {isa = PBXFileReference; fileEncoding = 4; lastKnownFileType = sourcecode.swift; path = JSServiceUtil.swift; sourceTree = "<group>"; };
		0DD940E4275EE12D006865B6 /* JSServiceType.swift */ = {isa = PBXFileReference; fileEncoding = 4; lastKnownFileType = sourcecode.swift; path = JSServiceType.swift; sourceTree = "<group>"; };
		0DD940E7275EE17D006865B6 /* ContextMenuService.swift */ = {isa = PBXFileReference; fileEncoding = 4; lastKnownFileType = sourcecode.swift; path = ContextMenuService.swift; sourceTree = "<group>"; };
		0DD940E927618691006865B6 /* WebViewController.swift */ = {isa = PBXFileReference; lastKnownFileType = sourcecode.swift; path = WebViewController.swift; sourceTree = "<group>"; };
		0DD940ED2762401F006865B6 /* jsbridge.js */ = {isa = PBXFileReference; fileEncoding = 4; lastKnownFileType = sourcecode.javascript; name = jsbridge.js; path = ../../../../../web/build/jsbridge.js; sourceTree = "<group>"; };
		8615C5107E5BE2A40D6A4391 /* Pods-GCWebContainerDemo.release.xcconfig */ = {isa = PBXFileReference; includeInIndex = 1; lastKnownFileType = text.xcconfig; name = "Pods-GCWebContainerDemo.release.xcconfig"; path = "Target Support Files/Pods-GCWebContainerDemo/Pods-GCWebContainerDemo.release.xcconfig"; sourceTree = "<group>"; };
		B4A451F770A9FC2F4D81C871 /* Pods_GCWebContainerDemo.framework */ = {isa = PBXFileReference; explicitFileType = wrapper.framework; includeInIndex = 0; path = Pods_GCWebContainerDemo.framework; sourceTree = BUILT_PRODUCTS_DIR; };
		E102F54D2C9F7CD1337B21D5 /* Pods-GCWebContainerDemo.debug.xcconfig */ = {isa = PBXFileReference; includeInIndex = 1; lastKnownFileType = text.xcconfig; name = "Pods-GCWebContainerDemo.debug.xcconfig"; path = "Target Support Files/Pods-GCWebContainerDemo/Pods-GCWebContainerDemo.debug.xcconfig"; sourceTree = "<group>"; };
/* End PBXFileReference section */

/* Begin PBXFrameworksBuildPhase section */
		0DD940AD275EDEBE006865B6 /* Frameworks */ = {
			isa = PBXFrameworksBuildPhase;
			buildActionMask = 2147483647;
			files = (
				5AC30482C2310221284B84BB /* Pods_GCWebContainerDemo.framework in Frameworks */,
			);
			runOnlyForDeploymentPostprocessing = 0;
		};
/* End PBXFrameworksBuildPhase section */

/* Begin PBXGroup section */
		0D1F8628276DD73600D39CAF /* Pages */ = {
			isa = PBXGroup;
			children = (
				0D1F861F276DC73600D39CAF /* GCDemoHomeController.swift */,
				0D1F8624276DD3BB00D39CAF /* GCMultiTabController.swift */,
				0DCBC5302783CB6B00DF5A0E /* GCExtensionController.swift */,
				0D1F8626276DD51A00D39CAF /* GCBrowserViewController.swift */,
				0D1F862B276DE0EE00D39CAF /* BrowserMenuController.swift */,
				0DD940E927618691006865B6 /* WebViewController.swift */,
			);
			path = Pages;
			sourceTree = "<group>";
		};
		0D1F863E276F2BE900D39CAF /* Pandora */ = {
			isa = PBXGroup;
			children = (
				0DFE60A1278496E200ACD945 /* JSServices */,
				0DFE60A0278496CE00ACD945 /* core */,
				0DBE24F22786703E00D9FC6F /* PDWebView.swift */,
				0D2D31FE2798E88700B84D80 /* PDServiceConfigImpl.swift */,
				0D830A2B27AD2C600017EFF0 /* LocalStorage.swift */,
				0DACA72C27B3403300C628FE /* PDPopUpViewController.swift */,
			);
			path = Pandora;
			sourceTree = "<group>";
		};
		0D2D31EF279433A400B84D80 /* Browser */ = {
			isa = PBXGroup;
			children = (
				0D2D31FD27964F2800B84D80 /* Extension */,
				0D2D31F027945C6200B84D80 /* BrowserView.swift */,
				0D2D31F227945C7F00B84D80 /* BrowserViewController.swift */,
				0D2D31F72794F92D00B84D80 /* TabsManagerViewController.swift */,
				0D1F8629276DD75600D39CAF /* BrowserManager.swift */,
				0DC52B4727A2247B00EC35AB /* TabsManager.swift */,
				0D1F862D276E39C000D39CAF /* BookmarksManager.swift */,
			);
			path = Browser;
			sourceTree = "<group>";
		};
		0D2D31F4279463A500B84D80 /* Extension */ = {
			isa = PBXGroup;
			children = (
				0D2D31F5279463C300B84D80 /* UIViewController+TopMost.swift */,
			);
			path = Extension;
			sourceTree = "<group>";
		};
		0D2D31FD27964F2800B84D80 /* Extension */ = {
			isa = PBXGroup;
			children = (
				0D2D31F92796488000B84D80 /* GCWebView+Browser.swift */,
				0D2D31FB27964E9700B84D80 /* BrowserBaseJSService.swift */,
			);
			path = Extension;
			sourceTree = "<group>";
		};
		0DACA73027B5486200C628FE /* Runner */ = {
			isa = PBXGroup;
			children = (
				0DACA73127B5487B00C628FE /* PDBackgroundRunner.swift */,
				0DACA73327B5488F00C628FE /* PDPopUpRunner.swift */,
				0DACA72E27B4971200C628FE /* PDContentRunner.swift */,
			);
			path = Runner;
			sourceTree = "<group>";
		};
		0DD940A7275EDEBE006865B6 = {
			isa = PBXGroup;
			children = (
				0DD940B2275EDEBE006865B6 /* GCWebContainerDemo */,
				0DD940B1275EDEBE006865B6 /* Products */,
				C84D711AC524720097936F22 /* Pods */,
				B3F5D08A6E2A384ECA7680F0 /* Frameworks */,
			);
			sourceTree = "<group>";
		};
		0DD940B1275EDEBE006865B6 /* Products */ = {
			isa = PBXGroup;
			children = (
				0DD940B0275EDEBE006865B6 /* GCWebContainerDemo.app */,
			);
			name = Products;
			sourceTree = "<group>";
		};
		0DD940B2275EDEBE006865B6 /* GCWebContainerDemo */ = {
			isa = PBXGroup;
			children = (
				0D2D31EF279433A400B84D80 /* Browser */,
				0D1F863E276F2BE900D39CAF /* Pandora */,
				0D1F8623276DC88200D39CAF /* Info.plist */,
				0DD940D1275EDF00006865B6 /* GCWebContainer */,
				0D1F8628276DD73600D39CAF /* Pages */,
				0D2D31F4279463A500B84D80 /* Extension */,
				0DD940B3275EDEBE006865B6 /* GCWebContainerDemoApp.swift */,
				0DD940B5275EDEBE006865B6 /* ContentView.swift */,
				0D1F861D276CE22400D39CAF /* AppDelegate.swift */,
				0D1F8621276DC83300D39CAF /* SceneDelegate.swift */,
				0DD940B7275EDEC0006865B6 /* Assets.xcassets */,
				0DD940B9275EDEC0006865B6 /* Preview Content */,
				0D1F8649276F346B00D39CAF /* Extensions.bundle */,
			);
			path = GCWebContainerDemo;
			sourceTree = "<group>";
		};
		0DD940B9275EDEC0006865B6 /* Preview Content */ = {
			isa = PBXGroup;
			children = (
				0DD940BA275EDEC0006865B6 /* Preview Assets.xcassets */,
			);
			path = "Preview Content";
			sourceTree = "<group>";
		};
		0DD940C1275EDED5006865B6 /* JS */ = {
			isa = PBXGroup;
			children = (
				0DD940C2275EDED5006865B6 /* JSServiceManager.swift */,
				0DD940C3275EDED5006865B6 /* JSEngine.swift */,
				0DD940E4275EE12D006865B6 /* JSServiceType.swift */,
				0DD940C5275EDED5006865B6 /* JSServiceHandler.swift */,
			);
			path = JS;
			sourceTree = "<group>";
		};
		0DD940C7275EDED5006865B6 /* WebView */ = {
			isa = PBXGroup;
			children = (
				0DD940C8275EDED5006865B6 /* GCWebView.swift */,
				0DD940C9275EDED5006865B6 /* WebView.swift */,
			);
			path = WebView;
			sourceTree = "<group>";
		};
		0DD940D1275EDF00006865B6 /* GCWebContainer */ = {
			isa = PBXGroup;
			children = (
				0DD940EB27624004006865B6 /* Resources */,
				0DD940E6275EE17D006865B6 /* JSServices */,
				0DD940DD275EDF9F006865B6 /* Util */,
				0DD940D4275EDF88006865B6 /* Extension */,
				0DD940E2275EE080006865B6 /* Core */,
			);
			path = GCWebContainer;
			sourceTree = "<group>";
		};
		0DD940D4275EDF88006865B6 /* Extension */ = {
			isa = PBXGroup;
			children = (
				0DD940D5275EDF88006865B6 /* Dictionary+String.swift */,
				0DD940D6275EDF88006865B6 /* String+base64.swift */,
				0DD940D7275EDF88006865B6 /* URL+scheme.swift */,
				0DD940D8275EDF88006865B6 /* PrivateFoundationExtension.swift */,
			);
			path = Extension;
			sourceTree = "<group>";
		};
		0DD940DD275EDF9F006865B6 /* Util */ = {
			isa = PBXGroup;
			children = (
				0DD940DE275EDF9F006865B6 /* ThreadSafe.swift */,
				0DC52B4527A21FCF00EC35AB /* WeakObject.swift */,
				0DD940DF275EDF9F006865B6 /* JSServiceUtil.swift */,
			);
			path = Util;
			sourceTree = "<group>";
		};
		0DD940E2275EE080006865B6 /* Core */ = {
			isa = PBXGroup;
			children = (
				0DD940C1275EDED5006865B6 /* JS */,
				0DD940C7275EDED5006865B6 /* WebView */,
				0DBE24F42786782900D9FC6F /* GCWebViewActionHandler.swift */,
			);
			path = Core;
			sourceTree = "<group>";
		};
		0DD940E6275EE17D006865B6 /* JSServices */ = {
			isa = PBXGroup;
			children = (
				0DD940E7275EE17D006865B6 /* ContextMenuService.swift */,
			);
			path = JSServices;
			sourceTree = "<group>";
		};
		0DD940EB27624004006865B6 /* Resources */ = {
			isa = PBXGroup;
			children = (
				0DD940EC27624010006865B6 /* javascript */,
			);
			path = Resources;
			sourceTree = "<group>";
		};
		0DD940EC27624010006865B6 /* javascript */ = {
			isa = PBXGroup;
			children = (
				0DD940ED2762401F006865B6 /* jsbridge.js */,
				0D2D31ED2793C83500B84D80 /* chrome.js */,
			);
			path = javascript;
			sourceTree = "<group>";
		};
		0DFE60A0278496CE00ACD945 /* core */ = {
			isa = PBXGroup;
			children = (
				0DCBC52D27832B5D00DF5A0E /* PDFileManager.swift */,
				0D1F863F276F2BFD00D39CAF /* PDLoader.swift */,
				0D1F8643276F2C5100D39CAF /* PDManager.swift */,
				0DACA73027B5486200C628FE /* Runner */,
				0D1F8647276F2FF600D39CAF /* PDManifest.swift */,
				0D1F8645276F2CFE00D39CAF /* Pandora.swift */,
			);
			path = core;
			sourceTree = "<group>";
		};
		0DFE60A1278496E200ACD945 /* JSServices */ = {
			isa = PBXGroup;
			children = (
				0D830A2927AD287E0017EFF0 /* LocalStorageService.swift */,
				0D84542D2781974900E18BDE /* TabsService.swift */,
				0D830A2D27AD782A0017EFF0 /* BookmarkService.swift */,
				0D84542F2781982100E18BDE /* RuntimeService.swift */,
			);
			path = JSServices;
			sourceTree = "<group>";
		};
		B3F5D08A6E2A384ECA7680F0 /* Frameworks */ = {
			isa = PBXGroup;
			children = (
				B4A451F770A9FC2F4D81C871 /* Pods_GCWebContainerDemo.framework */,
			);
			name = Frameworks;
			sourceTree = "<group>";
		};
		C84D711AC524720097936F22 /* Pods */ = {
			isa = PBXGroup;
			children = (
				E102F54D2C9F7CD1337B21D5 /* Pods-GCWebContainerDemo.debug.xcconfig */,
				8615C5107E5BE2A40D6A4391 /* Pods-GCWebContainerDemo.release.xcconfig */,
			);
			path = Pods;
			sourceTree = "<group>";
		};
/* End PBXGroup section */

/* Begin PBXNativeTarget section */
		0DD940AF275EDEBE006865B6 /* GCWebContainerDemo */ = {
			isa = PBXNativeTarget;
			buildConfigurationList = 0DD940BE275EDEC0006865B6 /* Build configuration list for PBXNativeTarget "GCWebContainerDemo" */;
			buildPhases = (
				18DB98329EC403BBC7EEE27A /* [CP] Check Pods Manifest.lock */,
				0DD940AC275EDEBE006865B6 /* Sources */,
				0DD940AD275EDEBE006865B6 /* Frameworks */,
				0DD940AE275EDEBE006865B6 /* Resources */,
				2FF236BBD325EDE9D8FE3CF2 /* [CP] Embed Pods Frameworks */,
			);
			buildRules = (
			);
			dependencies = (
			);
			name = GCWebContainerDemo;
			productName = GCWebContainerDemo;
			productReference = 0DD940B0275EDEBE006865B6 /* GCWebContainerDemo.app */;
			productType = "com.apple.product-type.application";
		};
/* End PBXNativeTarget section */

/* Begin PBXProject section */
		0DD940A8275EDEBE006865B6 /* Project object */ = {
			isa = PBXProject;
			attributes = {
				BuildIndependentTargetsInParallel = 1;
				LastSwiftUpdateCheck = 1310;
				LastUpgradeCheck = 1310;
				TargetAttributes = {
					0DD940AF275EDEBE006865B6 = {
						CreatedOnToolsVersion = 13.1;
					};
				};
			};
			buildConfigurationList = 0DD940AB275EDEBE006865B6 /* Build configuration list for PBXProject "GCWebContainerDemo" */;
			compatibilityVersion = "Xcode 13.0";
			developmentRegion = en;
			hasScannedForEncodings = 0;
			knownRegions = (
				en,
				Base,
			);
			mainGroup = 0DD940A7275EDEBE006865B6;
			productRefGroup = 0DD940B1275EDEBE006865B6 /* Products */;
			projectDirPath = "";
			projectRoot = "";
			targets = (
				0DD940AF275EDEBE006865B6 /* GCWebContainerDemo */,
			);
		};
/* End PBXProject section */

/* Begin PBXResourcesBuildPhase section */
		0DD940AE275EDEBE006865B6 /* Resources */ = {
			isa = PBXResourcesBuildPhase;
			buildActionMask = 2147483647;
			files = (
				0DD940BB275EDEC0006865B6 /* Preview Assets.xcassets in Resources */,
				0D1F864A276F346B00D39CAF /* Extensions.bundle in Resources */,
				0D2D31EE2793C83500B84D80 /* chrome.js in Resources */,
				0DD940B8275EDEC0006865B6 /* Assets.xcassets in Resources */,
				0DD940EE2762401F006865B6 /* jsbridge.js in Resources */,
			);
			runOnlyForDeploymentPostprocessing = 0;
		};
/* End PBXResourcesBuildPhase section */

/* Begin PBXShellScriptBuildPhase section */
		18DB98329EC403BBC7EEE27A /* [CP] Check Pods Manifest.lock */ = {
			isa = PBXShellScriptBuildPhase;
			buildActionMask = 2147483647;
			files = (
			);
			inputFileListPaths = (
			);
			inputPaths = (
				"${PODS_PODFILE_DIR_PATH}/Podfile.lock",
				"${PODS_ROOT}/Manifest.lock",
			);
			name = "[CP] Check Pods Manifest.lock";
			outputFileListPaths = (
			);
			outputPaths = (
				"$(DERIVED_FILE_DIR)/Pods-GCWebContainerDemo-checkManifestLockResult.txt",
			);
			runOnlyForDeploymentPostprocessing = 0;
			shellPath = /bin/sh;
			shellScript = "diff \"${PODS_PODFILE_DIR_PATH}/Podfile.lock\" \"${PODS_ROOT}/Manifest.lock\" > /dev/null\nif [ $? != 0 ] ; then\n    # print error to STDERR\n    echo \"error: The sandbox is not in sync with the Podfile.lock. Run 'pod install' or update your CocoaPods installation.\" >&2\n    exit 1\nfi\n# This output is used by Xcode 'outputs' to avoid re-running this script phase.\necho \"SUCCESS\" > \"${SCRIPT_OUTPUT_FILE_0}\"\n";
			showEnvVarsInLog = 0;
		};
		2FF236BBD325EDE9D8FE3CF2 /* [CP] Embed Pods Frameworks */ = {
			isa = PBXShellScriptBuildPhase;
			buildActionMask = 2147483647;
			files = (
			);
			inputFileListPaths = (
				"${PODS_ROOT}/Target Support Files/Pods-GCWebContainerDemo/Pods-GCWebContainerDemo-frameworks-${CONFIGURATION}-input-files.xcfilelist",
			);
			name = "[CP] Embed Pods Frameworks";
			outputFileListPaths = (
				"${PODS_ROOT}/Target Support Files/Pods-GCWebContainerDemo/Pods-GCWebContainerDemo-frameworks-${CONFIGURATION}-output-files.xcfilelist",
			);
			runOnlyForDeploymentPostprocessing = 0;
			shellPath = /bin/sh;
			shellScript = "\"${PODS_ROOT}/Target Support Files/Pods-GCWebContainerDemo/Pods-GCWebContainerDemo-frameworks.sh\"\n";
			showEnvVarsInLog = 0;
		};
/* End PBXShellScriptBuildPhase section */

/* Begin PBXSourcesBuildPhase section */
		0DD940AC275EDEBE006865B6 /* Sources */ = {
			isa = PBXSourcesBuildPhase;
			buildActionMask = 2147483647;
			files = (
				0D830A2E27AD782A0017EFF0 /* BookmarkService.swift in Sources */,
				0DD940E1275EDF9F006865B6 /* JSServiceUtil.swift in Sources */,
				0D2D31F6279463C300B84D80 /* UIViewController+TopMost.swift in Sources */,
				0DD940CD275EDED5006865B6 /* JSServiceHandler.swift in Sources */,
				0DD940CB275EDED5006865B6 /* JSEngine.swift in Sources */,
				0DACA72F27B4971200C628FE /* PDContentRunner.swift in Sources */,
				0D2D31F82794F92D00B84D80 /* TabsManagerViewController.swift in Sources */,
				0DBE24F32786703E00D9FC6F /* PDWebView.swift in Sources */,
				0D1F8644276F2C5100D39CAF /* PDManager.swift in Sources */,
				0D2D31FF2798E88700B84D80 /* PDServiceConfigImpl.swift in Sources */,
				0DCBC5312783CB6B00DF5A0E /* GCExtensionController.swift in Sources */,
				0DD940CA275EDED5006865B6 /* JSServiceManager.swift in Sources */,
				0D2D31FC27964E9700B84D80 /* BrowserBaseJSService.swift in Sources */,
				0DD940CF275EDED5006865B6 /* GCWebView.swift in Sources */,
				0D1F862E276E39C000D39CAF /* BookmarksManager.swift in Sources */,
				0D1F8625276DD3BB00D39CAF /* GCMultiTabController.swift in Sources */,
				0DD940DC275EDF88006865B6 /* PrivateFoundationExtension.swift in Sources */,
				0D2D31F127945C6200B84D80 /* BrowserView.swift in Sources */,
				0DD940DB275EDF88006865B6 /* URL+scheme.swift in Sources */,
				0D1F8640276F2BFD00D39CAF /* PDLoader.swift in Sources */,
				0DD940D9275EDF88006865B6 /* Dictionary+String.swift in Sources */,
				0DC52B4627A21FCF00EC35AB /* WeakObject.swift in Sources */,
				0D1F8627276DD51A00D39CAF /* GCBrowserViewController.swift in Sources */,
				0D2D31F327945C7F00B84D80 /* BrowserViewController.swift in Sources */,
				0D1F8646276F2CFE00D39CAF /* Pandora.swift in Sources */,
				0DD940D0275EDED5006865B6 /* WebView.swift in Sources */,
				0DD940B6275EDEBE006865B6 /* ContentView.swift in Sources */,
				0D1F862A276DD75600D39CAF /* BrowserManager.swift in Sources */,
				0DD940DA275EDF88006865B6 /* String+base64.swift in Sources */,
				0D1F862C276DE0EE00D39CAF /* BrowserMenuController.swift in Sources */,
				0DACA72D27B3403300C628FE /* PDPopUpViewController.swift in Sources */,
				0D830A2A27AD287E0017EFF0 /* LocalStorageService.swift in Sources */,
				0DACA73427B5488F00C628FE /* PDPopUpRunner.swift in Sources */,
				0DD940E0275EDF9F006865B6 /* ThreadSafe.swift in Sources */,
				0DD940E5275EE12D006865B6 /* JSServiceType.swift in Sources */,
				0DD940E8275EE17D006865B6 /* ContextMenuService.swift in Sources */,
				0D8454302781982100E18BDE /* RuntimeService.swift in Sources */,
				0D830A2C27AD2C600017EFF0 /* LocalStorage.swift in Sources */,
				0DD940B4275EDEBE006865B6 /* GCWebContainerDemoApp.swift in Sources */,
				0DC52B4827A2247B00EC35AB /* TabsManager.swift in Sources */,
				0D84542E2781974900E18BDE /* TabsService.swift in Sources */,
				0D1F8620276DC73600D39CAF /* GCDemoHomeController.swift in Sources */,
				0D1F8622276DC83300D39CAF /* SceneDelegate.swift in Sources */,
				0DBE24F52786782900D9FC6F /* GCWebViewActionHandler.swift in Sources */,
				0D2D31FA2796488000B84D80 /* GCWebView+Browser.swift in Sources */,
				0D1F861E276CE22400D39CAF /* AppDelegate.swift in Sources */,
				0DD940EA27618691006865B6 /* WebViewController.swift in Sources */,
				0DCBC52E27832B5D00DF5A0E /* PDFileManager.swift in Sources */,
				0DACA73227B5487B00C628FE /* PDBackgroundRunner.swift in Sources */,
				0D1F8648276F2FF600D39CAF /* PDManifest.swift in Sources */,
			);
			runOnlyForDeploymentPostprocessing = 0;
		};
/* End PBXSourcesBuildPhase section */

/* Begin XCBuildConfiguration section */
		0DD940BC275EDEC0006865B6 /* Debug */ = {
			isa = XCBuildConfiguration;
			buildSettings = {
				ALWAYS_SEARCH_USER_PATHS = NO;
				CLANG_ANALYZER_NONNULL = YES;
				CLANG_ANALYZER_NUMBER_OBJECT_CONVERSION = YES_AGGRESSIVE;
				CLANG_CXX_LANGUAGE_STANDARD = "gnu++17";
				CLANG_CXX_LIBRARY = "libc++";
				CLANG_ENABLE_MODULES = YES;
				CLANG_ENABLE_OBJC_ARC = YES;
				CLANG_ENABLE_OBJC_WEAK = YES;
				CLANG_WARN_BLOCK_CAPTURE_AUTORELEASING = YES;
				CLANG_WARN_BOOL_CONVERSION = YES;
				CLANG_WARN_COMMA = YES;
				CLANG_WARN_CONSTANT_CONVERSION = YES;
				CLANG_WARN_DEPRECATED_OBJC_IMPLEMENTATIONS = YES;
				CLANG_WARN_DIRECT_OBJC_ISA_USAGE = YES_ERROR;
				CLANG_WARN_DOCUMENTATION_COMMENTS = YES;
				CLANG_WARN_EMPTY_BODY = YES;
				CLANG_WARN_ENUM_CONVERSION = YES;
				CLANG_WARN_INFINITE_RECURSION = YES;
				CLANG_WARN_INT_CONVERSION = YES;
				CLANG_WARN_NON_LITERAL_NULL_CONVERSION = YES;
				CLANG_WARN_OBJC_IMPLICIT_RETAIN_SELF = YES;
				CLANG_WARN_OBJC_LITERAL_CONVERSION = YES;
				CLANG_WARN_OBJC_ROOT_CLASS = YES_ERROR;
				CLANG_WARN_QUOTED_INCLUDE_IN_FRAMEWORK_HEADER = YES;
				CLANG_WARN_RANGE_LOOP_ANALYSIS = YES;
				CLANG_WARN_STRICT_PROTOTYPES = YES;
				CLANG_WARN_SUSPICIOUS_MOVE = YES;
				CLANG_WARN_UNGUARDED_AVAILABILITY = YES_AGGRESSIVE;
				CLANG_WARN_UNREACHABLE_CODE = YES;
				CLANG_WARN__DUPLICATE_METHOD_MATCH = YES;
				COPY_PHASE_STRIP = NO;
				DEBUG_INFORMATION_FORMAT = dwarf;
				ENABLE_STRICT_OBJC_MSGSEND = YES;
				ENABLE_TESTABILITY = YES;
				GCC_C_LANGUAGE_STANDARD = gnu11;
				GCC_DYNAMIC_NO_PIC = NO;
				GCC_NO_COMMON_BLOCKS = YES;
				GCC_OPTIMIZATION_LEVEL = 0;
				GCC_PREPROCESSOR_DEFINITIONS = (
					"DEBUG=1",
					"$(inherited)",
				);
				GCC_WARN_64_TO_32_BIT_CONVERSION = YES;
				GCC_WARN_ABOUT_RETURN_TYPE = YES_ERROR;
				GCC_WARN_UNDECLARED_SELECTOR = YES;
				GCC_WARN_UNINITIALIZED_AUTOS = YES_AGGRESSIVE;
				GCC_WARN_UNUSED_FUNCTION = YES;
				GCC_WARN_UNUSED_VARIABLE = YES;
				IPHONEOS_DEPLOYMENT_TARGET = 15.0;
				MTL_ENABLE_DEBUG_INFO = INCLUDE_SOURCE;
				MTL_FAST_MATH = YES;
				ONLY_ACTIVE_ARCH = YES;
				SDKROOT = iphoneos;
				SWIFT_ACTIVE_COMPILATION_CONDITIONS = DEBUG;
				SWIFT_OPTIMIZATION_LEVEL = "-Onone";
			};
			name = Debug;
		};
		0DD940BD275EDEC0006865B6 /* Release */ = {
			isa = XCBuildConfiguration;
			buildSettings = {
				ALWAYS_SEARCH_USER_PATHS = NO;
				CLANG_ANALYZER_NONNULL = YES;
				CLANG_ANALYZER_NUMBER_OBJECT_CONVERSION = YES_AGGRESSIVE;
				CLANG_CXX_LANGUAGE_STANDARD = "gnu++17";
				CLANG_CXX_LIBRARY = "libc++";
				CLANG_ENABLE_MODULES = YES;
				CLANG_ENABLE_OBJC_ARC = YES;
				CLANG_ENABLE_OBJC_WEAK = YES;
				CLANG_WARN_BLOCK_CAPTURE_AUTORELEASING = YES;
				CLANG_WARN_BOOL_CONVERSION = YES;
				CLANG_WARN_COMMA = YES;
				CLANG_WARN_CONSTANT_CONVERSION = YES;
				CLANG_WARN_DEPRECATED_OBJC_IMPLEMENTATIONS = YES;
				CLANG_WARN_DIRECT_OBJC_ISA_USAGE = YES_ERROR;
				CLANG_WARN_DOCUMENTATION_COMMENTS = YES;
				CLANG_WARN_EMPTY_BODY = YES;
				CLANG_WARN_ENUM_CONVERSION = YES;
				CLANG_WARN_INFINITE_RECURSION = YES;
				CLANG_WARN_INT_CONVERSION = YES;
				CLANG_WARN_NON_LITERAL_NULL_CONVERSION = YES;
				CLANG_WARN_OBJC_IMPLICIT_RETAIN_SELF = YES;
				CLANG_WARN_OBJC_LITERAL_CONVERSION = YES;
				CLANG_WARN_OBJC_ROOT_CLASS = YES_ERROR;
				CLANG_WARN_QUOTED_INCLUDE_IN_FRAMEWORK_HEADER = YES;
				CLANG_WARN_RANGE_LOOP_ANALYSIS = YES;
				CLANG_WARN_STRICT_PROTOTYPES = YES;
				CLANG_WARN_SUSPICIOUS_MOVE = YES;
				CLANG_WARN_UNGUARDED_AVAILABILITY = YES_AGGRESSIVE;
				CLANG_WARN_UNREACHABLE_CODE = YES;
				CLANG_WARN__DUPLICATE_METHOD_MATCH = YES;
				COPY_PHASE_STRIP = NO;
				DEBUG_INFORMATION_FORMAT = "dwarf-with-dsym";
				ENABLE_NS_ASSERTIONS = NO;
				ENABLE_STRICT_OBJC_MSGSEND = YES;
				GCC_C_LANGUAGE_STANDARD = gnu11;
				GCC_NO_COMMON_BLOCKS = YES;
				GCC_WARN_64_TO_32_BIT_CONVERSION = YES;
				GCC_WARN_ABOUT_RETURN_TYPE = YES_ERROR;
				GCC_WARN_UNDECLARED_SELECTOR = YES;
				GCC_WARN_UNINITIALIZED_AUTOS = YES_AGGRESSIVE;
				GCC_WARN_UNUSED_FUNCTION = YES;
				GCC_WARN_UNUSED_VARIABLE = YES;
				IPHONEOS_DEPLOYMENT_TARGET = 15.0;
				MTL_ENABLE_DEBUG_INFO = NO;
				MTL_FAST_MATH = YES;
				SDKROOT = iphoneos;
				SWIFT_COMPILATION_MODE = wholemodule;
				SWIFT_OPTIMIZATION_LEVEL = "-O";
				VALIDATE_PRODUCT = YES;
			};
			name = Release;
		};
		0DD940BF275EDEC0006865B6 /* Debug */ = {
			isa = XCBuildConfiguration;
			baseConfigurationReference = E102F54D2C9F7CD1337B21D5 /* Pods-GCWebContainerDemo.debug.xcconfig */;
			buildSettings = {
				ASSETCATALOG_COMPILER_APPICON_NAME = AppIcon;
				ASSETCATALOG_COMPILER_GLOBAL_ACCENT_COLOR_NAME = AccentColor;
				CODE_SIGN_STYLE = Automatic;
				CURRENT_PROJECT_VERSION = 1;
				DEVELOPMENT_ASSET_PATHS = "\"GCWebContainerDemo/Preview Content\"";
				DEVELOPMENT_TEAM = 93MHT7HTF3;
				ENABLE_PREVIEWS = YES;
				EXCLUDED_ARCHS = "";
				GENERATE_INFOPLIST_FILE = YES;
				INFOPLIST_FILE = GCWebContainerDemo/Info.plist;
				INFOPLIST_KEY_UIApplicationSupportsIndirectInputEvents = YES;
				INFOPLIST_KEY_UILaunchScreen_Generation = YES;
				INFOPLIST_KEY_UISupportedInterfaceOrientations_iPad = "UIInterfaceOrientationPortrait UIInterfaceOrientationPortraitUpsideDown UIInterfaceOrientationLandscapeLeft UIInterfaceOrientationLandscapeRight";
				INFOPLIST_KEY_UISupportedInterfaceOrientations_iPhone = "UIInterfaceOrientationPortrait UIInterfaceOrientationLandscapeLeft UIInterfaceOrientationLandscapeRight";
				LD_RUNPATH_SEARCH_PATHS = (
					"$(inherited)",
					"@executable_path/Frameworks",
				);
				MARKETING_VERSION = 1.0;
				ONLY_ACTIVE_ARCH = YES;
				PRODUCT_BUNDLE_IDENTIFIER = com.chanjh.web.GCWebContainerDemo.GCWebContainerDemo;
				PRODUCT_NAME = "$(TARGET_NAME)";
				SWIFT_EMIT_LOC_STRINGS = YES;
				SWIFT_VERSION = 5.0;
				TARGETED_DEVICE_FAMILY = "1,2";
			};
			name = Debug;
		};
		0DD940C0275EDEC0006865B6 /* Release */ = {
			isa = XCBuildConfiguration;
			baseConfigurationReference = 8615C5107E5BE2A40D6A4391 /* Pods-GCWebContainerDemo.release.xcconfig */;
			buildSettings = {
				ASSETCATALOG_COMPILER_APPICON_NAME = AppIcon;
				ASSETCATALOG_COMPILER_GLOBAL_ACCENT_COLOR_NAME = AccentColor;
				CODE_SIGN_STYLE = Automatic;
				CURRENT_PROJECT_VERSION = 1;
				DEVELOPMENT_ASSET_PATHS = "\"GCWebContainerDemo/Preview Content\"";
				DEVELOPMENT_TEAM = 93MHT7HTF3;
				ENABLE_PREVIEWS = YES;
				GENERATE_INFOPLIST_FILE = YES;
				INFOPLIST_FILE = GCWebContainerDemo/Info.plist;
				INFOPLIST_KEY_UIApplicationSupportsIndirectInputEvents = YES;
				INFOPLIST_KEY_UILaunchScreen_Generation = YES;
				INFOPLIST_KEY_UISupportedInterfaceOrientations_iPad = "UIInterfaceOrientationPortrait UIInterfaceOrientationPortraitUpsideDown UIInterfaceOrientationLandscapeLeft UIInterfaceOrientationLandscapeRight";
				INFOPLIST_KEY_UISupportedInterfaceOrientations_iPhone = "UIInterfaceOrientationPortrait UIInterfaceOrientationLandscapeLeft UIInterfaceOrientationLandscapeRight";
				LD_RUNPATH_SEARCH_PATHS = (
					"$(inherited)",
					"@executable_path/Frameworks",
				);
				MARKETING_VERSION = 1.0;
				PRODUCT_BUNDLE_IDENTIFIER = com.chanjh.web.GCWebContainerDemo.GCWebContainerDemo;
				PRODUCT_NAME = "$(TARGET_NAME)";
				SWIFT_EMIT_LOC_STRINGS = YES;
				SWIFT_VERSION = 5.0;
				TARGETED_DEVICE_FAMILY = "1,2";
			};
			name = Release;
		};
/* End XCBuildConfiguration section */

/* Begin XCConfigurationList section */
		0DD940AB275EDEBE006865B6 /* Build configuration list for PBXProject "GCWebContainerDemo" */ = {
			isa = XCConfigurationList;
			buildConfigurations = (
				0DD940BC275EDEC0006865B6 /* Debug */,
				0DD940BD275EDEC0006865B6 /* Release */,
			);
			defaultConfigurationIsVisible = 0;
			defaultConfigurationName = Release;
		};
		0DD940BE275EDEC0006865B6 /* Build configuration list for PBXNativeTarget "GCWebContainerDemo" */ = {
			isa = XCConfigurationList;
			buildConfigurations = (
				0DD940BF275EDEC0006865B6 /* Debug */,
				0DD940C0275EDEC0006865B6 /* Release */,
			);
			defaultConfigurationIsVisible = 0;
			defaultConfigurationName = Release;
		};
/* End XCConfigurationList section */
	};
	rootObject = 0DD940A8275EDEBE006865B6 /* Project object */;
}
